// !$*UTF8*$!
{
	archiveVersion = 1;
	classes = {
	};
	objectVersion = 56;
	objects = {

/* Begin PBXBuildFile section */
		69B81F94F00935AA5F71D04C /* Pods_ISCBOOK2024.framework in Frameworks */ = {isa = PBXBuildFile; fileRef = C8F641C3E462E6165DC7238B /* Pods_ISCBOOK2024.framework */; };
		B5720EE02CAE538A001EEDF2 /* ISCBOOK2024App.swift in Sources */ = {isa = PBXBuildFile; fileRef = B5720EDF2CAE538A001EEDF2 /* ISCBOOK2024App.swift */; };
		B5720EE42CAE538D001EEDF2 /* Assets.xcassets in Resources */ = {isa = PBXBuildFile; fileRef = B5720EE32CAE538D001EEDF2 /* Assets.xcassets */; };
		B5720EE72CAE538D001EEDF2 /* Preview Assets.xcassets in Resources */ = {isa = PBXBuildFile; fileRef = B5720EE62CAE538D001EEDF2 /* Preview Assets.xcassets */; };
		B5720EF02CAEB07F001EEDF2 /* StartView.swift in Sources */ = {isa = PBXBuildFile; fileRef = B5720EEF2CAEB07F001EEDF2 /* StartView.swift */; };
/* End PBXBuildFile section */

/* Begin PBXFileReference section */
		31F31EBBA8BA97230C571951 /* Pods-ISCBOOK2024.release.xcconfig */ = {isa = PBXFileReference; includeInIndex = 1; lastKnownFileType = text.xcconfig; name = "Pods-ISCBOOK2024.release.xcconfig"; path = "Target Support Files/Pods-ISCBOOK2024/Pods-ISCBOOK2024.release.xcconfig"; sourceTree = "<group>"; };
		74929DC0488A9AAC54E309A3 /* Pods-ISCBOOK2024.debug.xcconfig */ = {isa = PBXFileReference; includeInIndex = 1; lastKnownFileType = text.xcconfig; name = "Pods-ISCBOOK2024.debug.xcconfig"; path = "Target Support Files/Pods-ISCBOOK2024/Pods-ISCBOOK2024.debug.xcconfig"; sourceTree = "<group>"; };
		B5720EDC2CAE538A001EEDF2 /* ISCBOOK2024.app */ = {isa = PBXFileReference; explicitFileType = wrapper.application; includeInIndex = 0; path = ISCBOOK2024.app; sourceTree = BUILT_PRODUCTS_DIR; };
		B5720EDF2CAE538A001EEDF2 /* ISCBOOK2024App.swift */ = {isa = PBXFileReference; lastKnownFileType = sourcecode.swift; path = ISCBOOK2024App.swift; sourceTree = "<group>"; };
		B5720EE32CAE538D001EEDF2 /* Assets.xcassets */ = {isa = PBXFileReference; lastKnownFileType = folder.assetcatalog; path = Assets.xcassets; sourceTree = "<group>"; };
		B5720EE62CAE538D001EEDF2 /* Preview Assets.xcassets */ = {isa = PBXFileReference; lastKnownFileType = folder.assetcatalog; path = "Preview Assets.xcassets"; sourceTree = "<group>"; };
		B5720EEF2CAEB07F001EEDF2 /* StartView.swift */ = {isa = PBXFileReference; lastKnownFileType = sourcecode.swift; path = StartView.swift; sourceTree = "<group>"; };
		C8F641C3E462E6165DC7238B /* Pods_ISCBOOK2024.framework */ = {isa = PBXFileReference; explicitFileType = wrapper.framework; includeInIndex = 0; path = Pods_ISCBOOK2024.framework; sourceTree = BUILT_PRODUCTS_DIR; };
/* End PBXFileReference section */

/* Begin PBXFrameworksBuildPhase section */
		B5720ED92CAE538A001EEDF2 /* Frameworks */ = {
			isa = PBXFrameworksBuildPhase;
			buildActionMask = 2147483647;
			files = (
				69B81F94F00935AA5F71D04C /* Pods_ISCBOOK2024.framework in Frameworks */,
			);
			runOnlyForDeploymentPostprocessing = 0;
		};
/* End PBXFrameworksBuildPhase section */

/* Begin PBXGroup section */
		2220EB127B232696A10F6CD3 /* Frameworks */ = {
			isa = PBXGroup;
			children = (
				C8F641C3E462E6165DC7238B /* Pods_ISCBOOK2024.framework */,
			);
			name = Frameworks;
			sourceTree = "<group>";
		};
		6D52CC53B22FE07CCE1D447C /* Pods */ = {
			isa = PBXGroup;
			children = (
				74929DC0488A9AAC54E309A3 /* Pods-ISCBOOK2024.debug.xcconfig */,
				31F31EBBA8BA97230C571951 /* Pods-ISCBOOK2024.release.xcconfig */,
			);
			path = Pods;
			sourceTree = "<group>";
		};
		B5720ED32CAE538A001EEDF2 = {
			isa = PBXGroup;
			children = (
				B5720EDE2CAE538A001EEDF2 /* ISCBOOK2024 */,
				B5720EDD2CAE538A001EEDF2 /* Products */,
				6D52CC53B22FE07CCE1D447C /* Pods */,
				2220EB127B232696A10F6CD3 /* Frameworks */,
			);
			sourceTree = "<group>";
		};
		B5720EDD2CAE538A001EEDF2 /* Products */ = {
			isa = PBXGroup;
			children = (
				B5720EDC2CAE538A001EEDF2 /* ISCBOOK2024.app */,
			);
			name = Products;
			sourceTree = "<group>";
		};
		B5720EDE2CAE538A001EEDF2 /* ISCBOOK2024 */ = {
			isa = PBXGroup;
			children = (
				B5720EDF2CAE538A001EEDF2 /* ISCBOOK2024App.swift */,
				B5720EED2CAE5406001EEDF2 /* UI */,
				B5720EE32CAE538D001EEDF2 /* Assets.xcassets */,
				B5720EE52CAE538D001EEDF2 /* Preview Content */,
			);
			path = ISCBOOK2024;
			sourceTree = "<group>";
		};
		B5720EE52CAE538D001EEDF2 /* Preview Content */ = {
			isa = PBXGroup;
			children = (
				B5720EE62CAE538D001EEDF2 /* Preview Assets.xcassets */,
			);
			path = "Preview Content";
			sourceTree = "<group>";
		};
		B5720EED2CAE5406001EEDF2 /* UI */ = {
			isa = PBXGroup;
			children = (
				B5720EEE2CAEB038001EEDF2 /* StartScreen */,
				B5720EF22CB272DB001EEDF2 /* CameraScreen */,
			);
			path = UI;
			sourceTree = "<group>";
		};
		B5720EEE2CAEB038001EEDF2 /* StartScreen */ = {
			isa = PBXGroup;
			children = (
				B5720EEF2CAEB07F001EEDF2 /* StartView.swift */,
			);
			path = StartScreen;
			sourceTree = "<group>";
		};
		B5720EF22CB272DB001EEDF2 /* CameraScreen */ = {
			isa = PBXGroup;
			children = (
			);
			path = CameraScreen;
			sourceTree = "<group>";
		};
/* End PBXGroup section */

/* Begin PBXNativeTarget section */
		B5720EDB2CAE538A001EEDF2 /* ISCBOOK2024 */ = {
			isa = PBXNativeTarget;
			buildConfigurationList = B5720EEA2CAE538D001EEDF2 /* Build configuration list for PBXNativeTarget "ISCBOOK2024" */;
			buildPhases = (
				B3BF1BC30ED83F8A706A7802 /* [CP] Check Pods Manifest.lock */,
				B5720ED82CAE538A001EEDF2 /* Sources */,
				B5720ED92CAE538A001EEDF2 /* Frameworks */,
				B5720EDA2CAE538A001EEDF2 /* Resources */,
				FDFC590536B966A158356E8E /* [CP] Embed Pods Frameworks */,
			);
			buildRules = (
			);
			dependencies = (
			);
			name = ISCBOOK2024;
			productName = ISCBOOK2024;
			productReference = B5720EDC2CAE538A001EEDF2 /* ISCBOOK2024.app */;
			productType = "com.apple.product-type.application";
		};
/* End PBXNativeTarget section */

/* Begin PBXProject section */
		B5720ED42CAE538A001EEDF2 /* Project object */ = {
			isa = PBXProject;
			attributes = {
				BuildIndependentTargetsInParallel = 1;
				LastSwiftUpdateCheck = 1540;
				LastUpgradeCheck = 1540;
				TargetAttributes = {
					B5720EDB2CAE538A001EEDF2 = {
						CreatedOnToolsVersion = 15.4;
					};
				};
			};
			buildConfigurationList = B5720ED72CAE538A001EEDF2 /* Build configuration list for PBXProject "ISCBOOK2024" */;
			compatibilityVersion = "Xcode 14.0";
			developmentRegion = en;
			hasScannedForEncodings = 0;
			knownRegions = (
				en,
				Base,
			);
			mainGroup = B5720ED32CAE538A001EEDF2;
			productRefGroup = B5720EDD2CAE538A001EEDF2 /* Products */;
			projectDirPath = "";
			projectRoot = "";
			targets = (
				B5720EDB2CAE538A001EEDF2 /* ISCBOOK2024 */,
			);
		};
/* End PBXProject section */

/* Begin PBXResourcesBuildPhase section */
		B5720EDA2CAE538A001EEDF2 /* Resources */ = {
			isa = PBXResourcesBuildPhase;
			buildActionMask = 2147483647;
			files = (
				B5720EE72CAE538D001EEDF2 /* Preview Assets.xcassets in Resources */,
				B5720EE42CAE538D001EEDF2 /* Assets.xcassets in Resources */,
			);
			runOnlyForDeploymentPostprocessing = 0;
		};
/* End PBXResourcesBuildPhase section */

/* Begin PBXShellScriptBuildPhase section */
		B3BF1BC30ED83F8A706A7802 /* [CP] Check Pods Manifest.lock */ = {
			isa = PBXShellScriptBuildPhase;
			buildActionMask = 2147483647;
			files = (
			);
			inputFileListPaths = (
			);
			inputPaths = (
				"${PODS_PODFILE_DIR_PATH}/Podfile.lock",
				"${PODS_ROOT}/Manifest.lock",
			);
			name = "[CP] Check Pods Manifest.lock";
			outputFileListPaths = (
			);
			outputPaths = (
				"$(DERIVED_FILE_DIR)/Pods-ISCBOOK2024-checkManifestLockResult.txt",
			);
			runOnlyForDeploymentPostprocessing = 0;
			shellPath = /bin/sh;
			shellScript = "diff \"${PODS_PODFILE_DIR_PATH}/Podfile.lock\" \"${PODS_ROOT}/Manifest.lock\" > /dev/null\nif [ $? != 0 ] ; then\n    # print error to STDERR\n    echo \"error: The sandbox is not in sync with the Podfile.lock. Run 'pod install' or update your CocoaPods installation.\" >&2\n    exit 1\nfi\n# This output is used by Xcode 'outputs' to avoid re-running this script phase.\necho \"SUCCESS\" > \"${SCRIPT_OUTPUT_FILE_0}\"\n";
			showEnvVarsInLog = 0;
		};
		FDFC590536B966A158356E8E /* [CP] Embed Pods Frameworks */ = {
			isa = PBXShellScriptBuildPhase;
			buildActionMask = 2147483647;
			files = (
			);
			inputFileListPaths = (
				"${PODS_ROOT}/Target Support Files/Pods-ISCBOOK2024/Pods-ISCBOOK2024-frameworks-${CONFIGURATION}-input-files.xcfilelist",
			);
			name = "[CP] Embed Pods Frameworks";
			outputFileListPaths = (
				"${PODS_ROOT}/Target Support Files/Pods-ISCBOOK2024/Pods-ISCBOOK2024-frameworks-${CONFIGURATION}-output-files.xcfilelist",
			);
			runOnlyForDeploymentPostprocessing = 0;
			shellPath = /bin/sh;
			shellScript = "\"${PODS_ROOT}/Target Support Files/Pods-ISCBOOK2024/Pods-ISCBOOK2024-frameworks.sh\"\n";
			showEnvVarsInLog = 0;
		};
/* End PBXShellScriptBuildPhase section */

/* Begin PBXSourcesBuildPhase section */
		B5720ED82CAE538A001EEDF2 /* Sources */ = {
			isa = PBXSourcesBuildPhase;
			buildActionMask = 2147483647;
			files = (
				B5720EF02CAEB07F001EEDF2 /* StartView.swift in Sources */,
				B5720EE02CAE538A001EEDF2 /* ISCBOOK2024App.swift in Sources */,
			);
			runOnlyForDeploymentPostprocessing = 0;
		};
/* End PBXSourcesBuildPhase section */

/* Begin XCBuildConfiguration section */
		B5720EE82CAE538D001EEDF2 /* Debug */ = {
			isa = XCBuildConfiguration;
			buildSettings = {
				ALWAYS_SEARCH_USER_PATHS = NO;
				ASSETCATALOG_COMPILER_GENERATE_SWIFT_ASSET_SYMBOL_EXTENSIONS = YES;
				CLANG_ANALYZER_NONNULL = YES;
				CLANG_ANALYZER_NUMBER_OBJECT_CONVERSION = YES_AGGRESSIVE;
				CLANG_CXX_LANGUAGE_STANDARD = "gnu++20";
				CLANG_ENABLE_MODULES = YES;
				CLANG_ENABLE_OBJC_ARC = YES;
				CLANG_ENABLE_OBJC_WEAK = YES;
				CLANG_WARN_BLOCK_CAPTURE_AUTORELEASING = YES;
				CLANG_WARN_BOOL_CONVERSION = YES;
				CLANG_WARN_COMMA = YES;
				CLANG_WARN_CONSTANT_CONVERSION = YES;
				CLANG_WARN_DEPRECATED_OBJC_IMPLEMENTATIONS = YES;
				CLANG_WARN_DIRECT_OBJC_ISA_USAGE = YES_ERROR;
				CLANG_WARN_DOCUMENTATION_COMMENTS = YES;
				CLANG_WARN_EMPTY_BODY = YES;
				CLANG_WARN_ENUM_CONVERSION = YES;
				CLANG_WARN_INFINITE_RECURSION = YES;
				CLANG_WARN_INT_CONVERSION = YES;
				CLANG_WARN_NON_LITERAL_NULL_CONVERSION = YES;
				CLANG_WARN_OBJC_IMPLICIT_RETAIN_SELF = YES;
				CLANG_WARN_OBJC_LITERAL_CONVERSION = YES;
				CLANG_WARN_OBJC_ROOT_CLASS = YES_ERROR;
				CLANG_WARN_QUOTED_INCLUDE_IN_FRAMEWORK_HEADER = YES;
				CLANG_WARN_RANGE_LOOP_ANALYSIS = YES;
				CLANG_WARN_STRICT_PROTOTYPES = YES;
				CLANG_WARN_SUSPICIOUS_MOVE = YES;
				CLANG_WARN_UNGUARDED_AVAILABILITY = YES_AGGRESSIVE;
				CLANG_WARN_UNREACHABLE_CODE = YES;
				CLANG_WARN__DUPLICATE_METHOD_MATCH = YES;
				COPY_PHASE_STRIP = NO;
				DEBUG_INFORMATION_FORMAT = dwarf;
				ENABLE_STRICT_OBJC_MSGSEND = YES;
				ENABLE_TESTABILITY = YES;
				ENABLE_USER_SCRIPT_SANDBOXING = YES;
				GCC_C_LANGUAGE_STANDARD = gnu17;
				GCC_DYNAMIC_NO_PIC = NO;
				GCC_NO_COMMON_BLOCKS = YES;
				GCC_OPTIMIZATION_LEVEL = 0;
				GCC_PREPROCESSOR_DEFINITIONS = (
					"DEBUG=1",
					"$(inherited)",
				);
				GCC_WARN_64_TO_32_BIT_CONVERSION = YES;
				GCC_WARN_ABOUT_RETURN_TYPE = YES_ERROR;
				GCC_WARN_UNDECLARED_SELECTOR = YES;
				GCC_WARN_UNINITIALIZED_AUTOS = YES_AGGRESSIVE;
				GCC_WARN_UNUSED_FUNCTION = YES;
				GCC_WARN_UNUSED_VARIABLE = YES;
				IPHONEOS_DEPLOYMENT_TARGET = 17.5;
				LOCALIZATION_PREFERS_STRING_CATALOGS = YES;
				MTL_ENABLE_DEBUG_INFO = INCLUDE_SOURCE;
				MTL_FAST_MATH = YES;
				ONLY_ACTIVE_ARCH = YES;
				SDKROOT = iphoneos;
				SWIFT_ACTIVE_COMPILATION_CONDITIONS = "DEBUG $(inherited)";
				SWIFT_OPTIMIZATION_LEVEL = "-Onone";
			};
			name = Debug;
		};
		B5720EE92CAE538D001EEDF2 /* Release */ = {
			isa = XCBuildConfiguration;
			buildSettings = {
				ALWAYS_SEARCH_USER_PATHS = NO;
				ASSETCATALOG_COMPILER_GENERATE_SWIFT_ASSET_SYMBOL_EXTENSIONS = YES;
				CLANG_ANALYZER_NONNULL = YES;
				CLANG_ANALYZER_NUMBER_OBJECT_CONVERSION = YES_AGGRESSIVE;
				CLANG_CXX_LANGUAGE_STANDARD = "gnu++20";
				CLANG_ENABLE_MODULES = YES;
				CLANG_ENABLE_OBJC_ARC = YES;
				CLANG_ENABLE_OBJC_WEAK = YES;
				CLANG_WARN_BLOCK_CAPTURE_AUTORELEASING = YES;
				CLANG_WARN_BOOL_CONVERSION = YES;
				CLANG_WARN_COMMA = YES;
				CLANG_WARN_CONSTANT_CONVERSION = YES;
				CLANG_WARN_DEPRECATED_OBJC_IMPLEMENTATIONS = YES;
				CLANG_WARN_DIRECT_OBJC_ISA_USAGE = YES_ERROR;
				CLANG_WARN_DOCUMENTATION_COMMENTS = YES;
				CLANG_WARN_EMPTY_BODY = YES;
				CLANG_WARN_ENUM_CONVERSION = YES;
				CLANG_WARN_INFINITE_RECURSION = YES;
				CLANG_WARN_INT_CONVERSION = YES;
				CLANG_WARN_NON_LITERAL_NULL_CONVERSION = YES;
				CLANG_WARN_OBJC_IMPLICIT_RETAIN_SELF = YES;
				CLANG_WARN_OBJC_LITERAL_CONVERSION = YES;
				CLANG_WARN_OBJC_ROOT_CLASS = YES_ERROR;
				CLANG_WARN_QUOTED_INCLUDE_IN_FRAMEWORK_HEADER = YES;
				CLANG_WARN_RANGE_LOOP_ANALYSIS = YES;
				CLANG_WARN_STRICT_PROTOTYPES = YES;
				CLANG_WARN_SUSPICIOUS_MOVE = YES;
				CLANG_WARN_UNGUARDED_AVAILABILITY = YES_AGGRESSIVE;
				CLANG_WARN_UNREACHABLE_CODE = YES;
				CLANG_WARN__DUPLICATE_METHOD_MATCH = YES;
				COPY_PHASE_STRIP = NO;
				DEBUG_INFORMATION_FORMAT = "dwarf-with-dsym";
				ENABLE_NS_ASSERTIONS = NO;
				ENABLE_STRICT_OBJC_MSGSEND = YES;
				ENABLE_USER_SCRIPT_SANDBOXING = YES;
				GCC_C_LANGUAGE_STANDARD = gnu17;
				GCC_NO_COMMON_BLOCKS = YES;
				GCC_WARN_64_TO_32_BIT_CONVERSION = YES;
				GCC_WARN_ABOUT_RETURN_TYPE = YES_ERROR;
				GCC_WARN_UNDECLARED_SELECTOR = YES;
				GCC_WARN_UNINITIALIZED_AUTOS = YES_AGGRESSIVE;
				GCC_WARN_UNUSED_FUNCTION = YES;
				GCC_WARN_UNUSED_VARIABLE = YES;
				IPHONEOS_DEPLOYMENT_TARGET = 17.5;
				LOCALIZATION_PREFERS_STRING_CATALOGS = YES;
				MTL_ENABLE_DEBUG_INFO = NO;
				MTL_FAST_MATH = YES;
				SDKROOT = iphoneos;
				SWIFT_COMPILATION_MODE = wholemodule;
				VALIDATE_PRODUCT = YES;
			};
			name = Release;
		};
		B5720EEB2CAE538D001EEDF2 /* Debug */ = {
			isa = XCBuildConfiguration;
			baseConfigurationReference = 74929DC0488A9AAC54E309A3 /* Pods-ISCBOOK2024.debug.xcconfig */;
			buildSettings = {
				ASSETCATALOG_COMPILER_APPICON_NAME = AppIcon;
				ASSETCATALOG_COMPILER_GLOBAL_ACCENT_COLOR_NAME = AccentColor;
				CODE_SIGN_STYLE = Automatic;
				CURRENT_PROJECT_VERSION = 1;
				DEVELOPMENT_ASSET_PATHS = "\"ISCBOOK2024/Preview Content\"";
				DEVELOPMENT_TEAM = 274CZPH4P8;
				ENABLE_PREVIEWS = YES;
				ENABLE_USER_SCRIPT_SANDBOXING = NO;
				GENERATE_INFOPLIST_FILE = YES;
				INFOPLIST_KEY_UIApplicationSceneManifest_Generation = YES;
				INFOPLIST_KEY_UIApplicationSupportsIndirectInputEvents = YES;
				INFOPLIST_KEY_UILaunchScreen_Generation = YES;
				INFOPLIST_KEY_UISupportedInterfaceOrientations_iPad = "UIInterfaceOrientationPortrait UIInterfaceOrientationPortraitUpsideDown UIInterfaceOrientationLandscapeLeft UIInterfaceOrientationLandscapeRight";
				INFOPLIST_KEY_UISupportedInterfaceOrientations_iPhone = "UIInterfaceOrientationPortrait UIInterfaceOrientationLandscapeLeft UIInterfaceOrientationLandscapeRight";
				LD_RUNPATH_SEARCH_PATHS = (
					"$(inherited)",
					"@executable_path/Frameworks",
				);
				MARKETING_VERSION = 1.0;
				PRODUCT_BUNDLE_IDENTIFIER = com.example.ISCBOOK2024;
				PRODUCT_NAME = "$(TARGET_NAME)";
				SWIFT_EMIT_LOC_STRINGS = YES;
				SWIFT_VERSION = 5.0;
				TARGETED_DEVICE_FAMILY = "1,2";
			};
			name = Debug;
		};
		B5720EEC2CAE538D001EEDF2 /* Release */ = {
			isa = XCBuildConfiguration;
			baseConfigurationReference = 31F31EBBA8BA97230C571951 /* Pods-ISCBOOK2024.release.xcconfig */;
			buildSettings = {
				ASSETCATALOG_COMPILER_APPICON_NAME = AppIcon;
				ASSETCATALOG_COMPILER_GLOBAL_ACCENT_COLOR_NAME = AccentColor;
				CODE_SIGN_STYLE = Automatic;
				CURRENT_PROJECT_VERSION = 1;
				DEVELOPMENT_ASSET_PATHS = "\"ISCBOOK2024/Preview Content\"";
				DEVELOPMENT_TEAM = 274CZPH4P8;
				ENABLE_PREVIEWS = YES;
				ENABLE_USER_SCRIPT_SANDBOXING = NO;
				GENERATE_INFOPLIST_FILE = YES;
				INFOPLIST_KEY_UIApplicationSceneManifest_Generation = YES;
				INFOPLIST_KEY_UIApplicationSupportsIndirectInputEvents = YES;
				INFOPLIST_KEY_UILaunchScreen_Generation = YES;
				INFOPLIST_KEY_UISupportedInterfaceOrientations_iPad = "UIInterfaceOrientationPortrait UIInterfaceOrientationPortraitUpsideDown UIInterfaceOrientationLandscapeLeft UIInterfaceOrientationLandscapeRight";
				INFOPLIST_KEY_UISupportedInterfaceOrientations_iPhone = "UIInterfaceOrientationPortrait UIInterfaceOrientationLandscapeLeft UIInterfaceOrientationLandscapeRight";
				LD_RUNPATH_SEARCH_PATHS = (
					"$(inherited)",
					"@executable_path/Frameworks",
				);
				MARKETING_VERSION = 1.0;
				PRODUCT_BUNDLE_IDENTIFIER = com.example.ISCBOOK2024;
				PRODUCT_NAME = "$(TARGET_NAME)";
				SWIFT_EMIT_LOC_STRINGS = YES;
				SWIFT_VERSION = 5.0;
				TARGETED_DEVICE_FAMILY = "1,2";
			};
			name = Release;
		};
/* End XCBuildConfiguration section */

/* Begin XCConfigurationList section */
		B5720ED72CAE538A001EEDF2 /* Build configuration list for PBXProject "ISCBOOK2024" */ = {
			isa = XCConfigurationList;
			buildConfigurations = (
				B5720EE82CAE538D001EEDF2 /* Debug */,
				B5720EE92CAE538D001EEDF2 /* Release */,
			);
			defaultConfigurationIsVisible = 0;
			defaultConfigurationName = Release;
		};
		B5720EEA2CAE538D001EEDF2 /* Build configuration list for PBXNativeTarget "ISCBOOK2024" */ = {
			isa = XCConfigurationList;
			buildConfigurations = (
				B5720EEB2CAE538D001EEDF2 /* Debug */,
				B5720EEC2CAE538D001EEDF2 /* Release */,
			);
			defaultConfigurationIsVisible = 0;
			defaultConfigurationName = Release;
		};
/* End XCConfigurationList section */
	};
	rootObject = B5720ED42CAE538A001EEDF2 /* Project object */;
}
