// !$*UTF8*$!
{
	archiveVersion = 1;
	classes = {
	};
	objectVersion = 56;
	objects = {

/* Begin PBXBuildFile section */
		B5720EE02CAE538A001EEDF2 /* ISCBOOK2024App.swift in Sources */ = {isa = PBXBuildFile; fileRef = B5720EDF2CAE538A001EEDF2 /* ISCBOOK2024App.swift */; };
		B5720EE42CAE538D001EEDF2 /* Assets.xcassets in Resources */ = {isa = PBXBuildFile; fileRef = B5720EE32CAE538D001EEDF2 /* Assets.xcassets */; };
		B5720EE72CAE538D001EEDF2 /* Preview Assets.xcassets in Resources */ = {isa = PBXBuildFile; fileRef = B5720EE62CAE538D001EEDF2 /* Preview Assets.xcassets */; };
		B5720EF02CAEB07F001EEDF2 /* StartView.swift in Sources */ = {isa = PBXBuildFile; fileRef = B5720EEF2CAEB07F001EEDF2 /* StartView.swift */; };
		B5720EF42CB277F6001EEDF2 /* CameraView.swift in Sources */ = {isa = PBXBuildFile; fileRef = B5720EF32CB277F6001EEDF2 /* CameraView.swift */; };
		B5720EF62CB2789C001EEDF2 /* ScannerView.swift in Sources */ = {isa = PBXBuildFile; fileRef = B5720EF52CB2789C001EEDF2 /* ScannerView.swift */; };
		B5720EF92CB279A6001EEDF2 /* Scanner.swift in Sources */ = {isa = PBXBuildFile; fileRef = B5720EF82CB279A6001EEDF2 /* Scanner.swift */; };
		B5720EFB2CB2B935001EEDF2 /* CameraOverlay.swift in Sources */ = {isa = PBXBuildFile; fileRef = B5720EFA2CB2B935001EEDF2 /* CameraOverlay.swift */; };
		B5D0AA982CB5093300EE9932 /* GoogleService-Info.plist in Resources */ = {isa = PBXBuildFile; fileRef = B5D0AA972CB5093300EE9932 /* GoogleService-Info.plist */; };
		B5D0AA9D2CB50E4800EE9932 /* BookView.swift in Sources */ = {isa = PBXBuildFile; fileRef = B5D0AA9C2CB50E4800EE9932 /* BookView.swift */; };
		B5DDA60D2CB7DE80007D1F30 /* FirebaseClient.swift in Sources */ = {isa = PBXBuildFile; fileRef = B5DDA60C2CB7DE80007D1F30 /* FirebaseClient.swift */; };
		B5EB6AC02CBB9F7600EC6196 /* AddBookView.swift in Sources */ = {isa = PBXBuildFile; fileRef = B5EB6ABF2CBB9F7600EC6196 /* AddBookView.swift */; };
		B5EB6AC22CBBB61F00EC6196 /* FelicaReader.swift in Sources */ = {isa = PBXBuildFile; fileRef = B5EB6AC12CBBB61F00EC6196 /* FelicaReader.swift */; };
		BDA603C72CE36B06002F77B3 /* Student.swift in Sources */ = {isa = PBXBuildFile; fileRef = BDA603C62CE36B06002F77B3 /* Student.swift */; };
		BDA603C92CE36C65002F77B3 /* StudentAPIClient.swift in Sources */ = {isa = PBXBuildFile; fileRef = BDA603C82CE36C65002F77B3 /* StudentAPIClient.swift */; };
		BDA603CB2CE438BE002F77B3 /* BorrowSheet.swift in Sources */ = {isa = PBXBuildFile; fileRef = BDA603CA2CE438BE002F77B3 /* BorrowSheet.swift */; };
		BDA603CF2CE5DD7C002F77B3 /* BookViewModel.swift in Sources */ = {isa = PBXBuildFile; fileRef = BDA603CE2CE5DD7C002F77B3 /* BookViewModel.swift */; };
		BDA6043E2CEB85F0002F77B3 /* BookResponse.swift in Sources */ = {isa = PBXBuildFile; fileRef = BDA6043D2CEB85F0002F77B3 /* BookResponse.swift */; };
		BDA604402CEB86D3002F77B3 /* BookSearchAPIClient.swift in Sources */ = {isa = PBXBuildFile; fileRef = BDA6043F2CEB86D3002F77B3 /* BookSearchAPIClient.swift */; };
		BDA604432CEECF16002F77B3 /* Destination.swift in Sources */ = {isa = PBXBuildFile; fileRef = BDA604422CEECF16002F77B3 /* Destination.swift */; };
		F9AF5A753271F4687A29BFFF /* Pods_ISCBOOK2024.framework in Frameworks */ = {isa = PBXBuildFile; fileRef = 79A8A4DEF105E769515427D4 /* Pods_ISCBOOK2024.framework */; };
/* End PBXBuildFile section */

/* Begin PBXFileReference section */
		79A8A4DEF105E769515427D4 /* Pods_ISCBOOK2024.framework */ = {isa = PBXFileReference; explicitFileType = wrapper.framework; includeInIndex = 0; path = Pods_ISCBOOK2024.framework; sourceTree = BUILT_PRODUCTS_DIR; };
		B079F6C9D77CC97074AD6681 /* Pods-ISCBOOK2024.release.xcconfig */ = {isa = PBXFileReference; includeInIndex = 1; lastKnownFileType = text.xcconfig; name = "Pods-ISCBOOK2024.release.xcconfig"; path = "Target Support Files/Pods-ISCBOOK2024/Pods-ISCBOOK2024.release.xcconfig"; sourceTree = "<group>"; };
		B5720EDC2CAE538A001EEDF2 /* ISCBOOK2024.app */ = {isa = PBXFileReference; explicitFileType = wrapper.application; includeInIndex = 0; path = ISCBOOK2024.app; sourceTree = BUILT_PRODUCTS_DIR; };
		B5720EDF2CAE538A001EEDF2 /* ISCBOOK2024App.swift */ = {isa = PBXFileReference; lastKnownFileType = sourcecode.swift; path = ISCBOOK2024App.swift; sourceTree = "<group>"; };
		B5720EE32CAE538D001EEDF2 /* Assets.xcassets */ = {isa = PBXFileReference; lastKnownFileType = folder.assetcatalog; path = Assets.xcassets; sourceTree = "<group>"; };
		B5720EE62CAE538D001EEDF2 /* Preview Assets.xcassets */ = {isa = PBXFileReference; lastKnownFileType = folder.assetcatalog; path = "Preview Assets.xcassets"; sourceTree = "<group>"; };
		B5720EEF2CAEB07F001EEDF2 /* StartView.swift */ = {isa = PBXFileReference; lastKnownFileType = sourcecode.swift; path = StartView.swift; sourceTree = "<group>"; };
		B5720EF32CB277F6001EEDF2 /* CameraView.swift */ = {isa = PBXFileReference; lastKnownFileType = sourcecode.swift; path = CameraView.swift; sourceTree = "<group>"; };
		B5720EF52CB2789C001EEDF2 /* ScannerView.swift */ = {isa = PBXFileReference; lastKnownFileType = sourcecode.swift; path = ScannerView.swift; sourceTree = "<group>"; };
		B5720EF82CB279A6001EEDF2 /* Scanner.swift */ = {isa = PBXFileReference; lastKnownFileType = sourcecode.swift; path = Scanner.swift; sourceTree = "<group>"; };
		B5720EFA2CB2B935001EEDF2 /* CameraOverlay.swift */ = {isa = PBXFileReference; lastKnownFileType = sourcecode.swift; path = CameraOverlay.swift; sourceTree = "<group>"; };
		B5D0AA962CB508EB00EE9932 /* GoogleService-Info.plist */ = {isa = PBXFileReference; lastKnownFileType = text.plist.xml; name = "GoogleService-Info.plist"; path = "/Users/gomichan/ISCBOOK2024/GoogleService-Info.plist"; sourceTree = "<absolute>"; };
		B5D0AA972CB5093300EE9932 /* GoogleService-Info.plist */ = {isa = PBXFileReference; fileEncoding = 4; lastKnownFileType = text.plist.xml; path = "GoogleService-Info.plist"; sourceTree = "<group>"; };
		B5D0AA9C2CB50E4800EE9932 /* BookView.swift */ = {isa = PBXFileReference; lastKnownFileType = sourcecode.swift; path = BookView.swift; sourceTree = "<group>"; };
		B5DDA60C2CB7DE80007D1F30 /* FirebaseClient.swift */ = {isa = PBXFileReference; lastKnownFileType = sourcecode.swift; path = FirebaseClient.swift; sourceTree = "<group>"; };
		B5EB6ABF2CBB9F7600EC6196 /* AddBookView.swift */ = {isa = PBXFileReference; lastKnownFileType = sourcecode.swift; path = AddBookView.swift; sourceTree = "<group>"; };
		B5EB6AC12CBBB61F00EC6196 /* FelicaReader.swift */ = {isa = PBXFileReference; lastKnownFileType = sourcecode.swift; path = FelicaReader.swift; sourceTree = "<group>"; };
		B5EB6AC62CC255D600EC6196 /* ISCBOOK2024.entitlements */ = {isa = PBXFileReference; lastKnownFileType = text.plist.entitlements; path = ISCBOOK2024.entitlements; sourceTree = "<group>"; };
		BDA603C52CE0EFB6002F77B3 /* ISCBOOK2024Debug.entitlements */ = {isa = PBXFileReference; lastKnownFileType = text.plist.entitlements; path = ISCBOOK2024Debug.entitlements; sourceTree = "<group>"; };
		BDA603C62CE36B06002F77B3 /* Student.swift */ = {isa = PBXFileReference; lastKnownFileType = sourcecode.swift; path = Student.swift; sourceTree = "<group>"; };
		BDA603C82CE36C65002F77B3 /* StudentAPIClient.swift */ = {isa = PBXFileReference; lastKnownFileType = sourcecode.swift; path = StudentAPIClient.swift; sourceTree = "<group>"; };
		BDA603CA2CE438BE002F77B3 /* BorrowSheet.swift */ = {isa = PBXFileReference; lastKnownFileType = sourcecode.swift; path = BorrowSheet.swift; sourceTree = "<group>"; };
		BDA603CE2CE5DD7C002F77B3 /* BookViewModel.swift */ = {isa = PBXFileReference; lastKnownFileType = sourcecode.swift; path = BookViewModel.swift; sourceTree = "<group>"; };
		BDA6043D2CEB85F0002F77B3 /* BookResponse.swift */ = {isa = PBXFileReference; lastKnownFileType = sourcecode.swift; path = BookResponse.swift; sourceTree = "<group>"; };
		BDA6043F2CEB86D3002F77B3 /* BookSearchAPIClient.swift */ = {isa = PBXFileReference; lastKnownFileType = sourcecode.swift; path = BookSearchAPIClient.swift; sourceTree = "<group>"; };
		BDA604422CEECF16002F77B3 /* Destination.swift */ = {isa = PBXFileReference; lastKnownFileType = sourcecode.swift; path = Destination.swift; sourceTree = "<group>"; };
		E17CABF42F60F9878835CA33 /* Pods-ISCBOOK2024.debug.xcconfig */ = {isa = PBXFileReference; includeInIndex = 1; lastKnownFileType = text.xcconfig; name = "Pods-ISCBOOK2024.debug.xcconfig"; path = "Target Support Files/Pods-ISCBOOK2024/Pods-ISCBOOK2024.debug.xcconfig"; sourceTree = "<group>"; };
/* End PBXFileReference section */

/* Begin PBXFrameworksBuildPhase section */
		B5720ED92CAE538A001EEDF2 /* Frameworks */ = {
			isa = PBXFrameworksBuildPhase;
			buildActionMask = 2147483647;
			files = (
				F9AF5A753271F4687A29BFFF /* Pods_ISCBOOK2024.framework in Frameworks */,
			);
			runOnlyForDeploymentPostprocessing = 0;
		};
/* End PBXFrameworksBuildPhase section */

/* Begin PBXGroup section */
		2220EB127B232696A10F6CD3 /* Frameworks */ = {
			isa = PBXGroup;
			children = (
				B5D0AA962CB508EB00EE9932 /* GoogleService-Info.plist */,
				79A8A4DEF105E769515427D4 /* Pods_ISCBOOK2024.framework */,
			);
			name = Frameworks;
			sourceTree = "<group>";
		};
		6D52CC53B22FE07CCE1D447C /* Pods */ = {
			isa = PBXGroup;
			children = (
				E17CABF42F60F9878835CA33 /* Pods-ISCBOOK2024.debug.xcconfig */,
				B079F6C9D77CC97074AD6681 /* Pods-ISCBOOK2024.release.xcconfig */,
			);
			path = Pods;
			sourceTree = "<group>";
		};
		B5336A792CB4FCA600A1F157 /* Infrastructure */ = {
			isa = PBXGroup;
			children = (
				B5336A7A2CB4FCF300A1F157 /* Models */,
				BDA6043F2CEB86D3002F77B3 /* BookSearchAPIClient.swift */,
				BDA603C82CE36C65002F77B3 /* StudentAPIClient.swift */,
				B5DDA60C2CB7DE80007D1F30 /* FirebaseClient.swift */,
			);
			path = Infrastructure;
			sourceTree = "<group>";
		};
		B5336A7A2CB4FCF300A1F157 /* Models */ = {
			isa = PBXGroup;
			children = (
				BDA603C62CE36B06002F77B3 /* Student.swift */,
				BDA6043D2CEB85F0002F77B3 /* BookResponse.swift */,
			);
			path = Models;
			sourceTree = "<group>";
		};
		B5720ED32CAE538A001EEDF2 = {
			isa = PBXGroup;
			children = (
				B5720EDE2CAE538A001EEDF2 /* ISCBOOK2024 */,
				B5D0AA972CB5093300EE9932 /* GoogleService-Info.plist */,
				B5720EDD2CAE538A001EEDF2 /* Products */,
				6D52CC53B22FE07CCE1D447C /* Pods */,
				2220EB127B232696A10F6CD3 /* Frameworks */,
			);
			sourceTree = "<group>";
		};
		B5720EDD2CAE538A001EEDF2 /* Products */ = {
			isa = PBXGroup;
			children = (
				B5720EDC2CAE538A001EEDF2 /* ISCBOOK2024.app */,
			);
			name = Products;
			sourceTree = "<group>";
		};
		B5720EDE2CAE538A001EEDF2 /* ISCBOOK2024 */ = {
			isa = PBXGroup;
			children = (
				BDA603C52CE0EFB6002F77B3 /* ISCBOOK2024Debug.entitlements */,
				B5720EDF2CAE538A001EEDF2 /* ISCBOOK2024App.swift */,
				B5720EED2CAE5406001EEDF2 /* UI */,
				BDA603CC2CE5DD1C002F77B3 /* ViewModels */,
				B5720EF72CB278F3001EEDF2 /* Domain */,
				B5336A792CB4FCA600A1F157 /* Infrastructure */,
				B5720EE32CAE538D001EEDF2 /* Assets.xcassets */,
				B5720EE52CAE538D001EEDF2 /* Preview Content */,
				B5EB6AC62CC255D600EC6196 /* ISCBOOK2024.entitlements */,
			);
			path = ISCBOOK2024;
			sourceTree = "<group>";
		};
		B5720EE52CAE538D001EEDF2 /* Preview Content */ = {
			isa = PBXGroup;
			children = (
				B5720EE62CAE538D001EEDF2 /* Preview Assets.xcassets */,
			);
			path = "Preview Content";
			sourceTree = "<group>";
		};
		B5720EED2CAE5406001EEDF2 /* UI */ = {
			isa = PBXGroup;
			children = (
				B5720EEE2CAEB038001EEDF2 /* StartScreen */,
				B5720EF22CB272DB001EEDF2 /* CameraScreen */,
				B5D0AA9B2CB50E1B00EE9932 /* BookScreen */,
				B5EB6ABE2CBB9F0F00EC6196 /* AddBookScreen */,
				BDA604412CEECEE1002F77B3 /* enum */,
			);
			path = UI;
			sourceTree = "<group>";
		};
		B5720EEE2CAEB038001EEDF2 /* StartScreen */ = {
			isa = PBXGroup;
			children = (
				B5720EEF2CAEB07F001EEDF2 /* StartView.swift */,
			);
			path = StartScreen;
			sourceTree = "<group>";
		};
		B5720EF22CB272DB001EEDF2 /* CameraScreen */ = {
			isa = PBXGroup;
			children = (
				B5720EF32CB277F6001EEDF2 /* CameraView.swift */,
				B5720EF52CB2789C001EEDF2 /* ScannerView.swift */,
				B5720EF82CB279A6001EEDF2 /* Scanner.swift */,
				B5720EFA2CB2B935001EEDF2 /* CameraOverlay.swift */,
			);
			path = CameraScreen;
			sourceTree = "<group>";
		};
		B5720EF72CB278F3001EEDF2 /* Domain */ = {
			isa = PBXGroup;
			children = (
				B5EB6AC12CBBB61F00EC6196 /* FelicaReader.swift */,
			);
			path = Domain;
			sourceTree = "<group>";
		};
		B5D0AA9B2CB50E1B00EE9932 /* BookScreen */ = {
			isa = PBXGroup;
			children = (
				B5D0AA9C2CB50E4800EE9932 /* BookView.swift */,
				BDA603CA2CE438BE002F77B3 /* BorrowSheet.swift */,
			);
			path = BookScreen;
			sourceTree = "<group>";
		};
		B5EB6ABE2CBB9F0F00EC6196 /* AddBookScreen */ = {
			isa = PBXGroup;
			children = (
				B5EB6ABF2CBB9F7600EC6196 /* AddBookView.swift */,
			);
			path = AddBookScreen;
			sourceTree = "<group>";
		};
		BDA603CC2CE5DD1C002F77B3 /* ViewModels */ = {
			isa = PBXGroup;
			children = (
				BDA603CD2CE5DD30002F77B3 /* BookScreen */,
			);
			path = ViewModels;
			sourceTree = "<group>";
		};
		BDA603CD2CE5DD30002F77B3 /* BookScreen */ = {
			isa = PBXGroup;
			children = (
				BDA603CE2CE5DD7C002F77B3 /* BookViewModel.swift */,
			);
			path = BookScreen;
			sourceTree = "<group>";
		};
		BDA604412CEECEE1002F77B3 /* enum */ = {
			isa = PBXGroup;
			children = (
				BDA604422CEECF16002F77B3 /* Destination.swift */,
			);
			path = enum;
			sourceTree = "<group>";
		};
/* End PBXGroup section */

/* Begin PBXNativeTarget section */
		B5720EDB2CAE538A001EEDF2 /* ISCBOOK2024 */ = {
			isa = PBXNativeTarget;
			buildConfigurationList = B5720EEA2CAE538D001EEDF2 /* Build configuration list for PBXNativeTarget "ISCBOOK2024" */;
			buildPhases = (
				E0C47F02EEC09879CD561DF8 /* [CP] Check Pods Manifest.lock */,
				B5720ED82CAE538A001EEDF2 /* Sources */,
				B5720ED92CAE538A001EEDF2 /* Frameworks */,
				B5720EDA2CAE538A001EEDF2 /* Resources */,
				258F632E05C273294EFA1E2D /* [CP] Embed Pods Frameworks */,
			);
			buildRules = (
			);
			dependencies = (
			);
			name = ISCBOOK2024;
			productName = ISCBOOK2024;
			productReference = B5720EDC2CAE538A001EEDF2 /* ISCBOOK2024.app */;
			productType = "com.apple.product-type.application";
		};
/* End PBXNativeTarget section */

/* Begin PBXProject section */
		B5720ED42CAE538A001EEDF2 /* Project object */ = {
			isa = PBXProject;
			attributes = {
				BuildIndependentTargetsInParallel = 1;
				LastSwiftUpdateCheck = 1540;
				LastUpgradeCheck = 1540;
				TargetAttributes = {
					B5720EDB2CAE538A001EEDF2 = {
						CreatedOnToolsVersion = 15.4;
					};
				};
			};
			buildConfigurationList = B5720ED72CAE538A001EEDF2 /* Build configuration list for PBXProject "ISCBOOK2024" */;
			compatibilityVersion = "Xcode 14.0";
			developmentRegion = en;
			hasScannedForEncodings = 0;
			knownRegions = (
				en,
				Base,
			);
			mainGroup = B5720ED32CAE538A001EEDF2;
			productRefGroup = B5720EDD2CAE538A001EEDF2 /* Products */;
			projectDirPath = "";
			projectRoot = "";
			targets = (
				B5720EDB2CAE538A001EEDF2 /* ISCBOOK2024 */,
			);
		};
/* End PBXProject section */

/* Begin PBXResourcesBuildPhase section */
		B5720EDA2CAE538A001EEDF2 /* Resources */ = {
			isa = PBXResourcesBuildPhase;
			buildActionMask = 2147483647;
			files = (
				B5720EE72CAE538D001EEDF2 /* Preview Assets.xcassets in Resources */,
				B5720EE42CAE538D001EEDF2 /* Assets.xcassets in Resources */,
				B5D0AA982CB5093300EE9932 /* GoogleService-Info.plist in Resources */,
			);
			runOnlyForDeploymentPostprocessing = 0;
		};
/* End PBXResourcesBuildPhase section */

/* Begin PBXShellScriptBuildPhase section */
		258F632E05C273294EFA1E2D /* [CP] Embed Pods Frameworks */ = {
			isa = PBXShellScriptBuildPhase;
			buildActionMask = 2147483647;
			files = (
			);
			inputFileListPaths = (
				"${PODS_ROOT}/Target Support Files/Pods-ISCBOOK2024/Pods-ISCBOOK2024-frameworks-${CONFIGURATION}-input-files.xcfilelist",
			);
			name = "[CP] Embed Pods Frameworks";
			outputFileListPaths = (
				"${PODS_ROOT}/Target Support Files/Pods-ISCBOOK2024/Pods-ISCBOOK2024-frameworks-${CONFIGURATION}-output-files.xcfilelist",
			);
			runOnlyForDeploymentPostprocessing = 0;
			shellPath = /bin/sh;
			shellScript = "\"${PODS_ROOT}/Target Support Files/Pods-ISCBOOK2024/Pods-ISCBOOK2024-frameworks.sh\"\n";
			showEnvVarsInLog = 0;
		};
		E0C47F02EEC09879CD561DF8 /* [CP] Check Pods Manifest.lock */ = {
			isa = PBXShellScriptBuildPhase;
			buildActionMask = 2147483647;
			files = (
			);
			inputFileListPaths = (
			);
			inputPaths = (
				"${PODS_PODFILE_DIR_PATH}/Podfile.lock",
				"${PODS_ROOT}/Manifest.lock",
			);
			name = "[CP] Check Pods Manifest.lock";
			outputFileListPaths = (
			);
			outputPaths = (
				"$(DERIVED_FILE_DIR)/Pods-ISCBOOK2024-checkManifestLockResult.txt",
			);
			runOnlyForDeploymentPostprocessing = 0;
			shellPath = /bin/sh;
			shellScript = "diff \"${PODS_PODFILE_DIR_PATH}/Podfile.lock\" \"${PODS_ROOT}/Manifest.lock\" > /dev/null\nif [ $? != 0 ] ; then\n    # print error to STDERR\n    echo \"error: The sandbox is not in sync with the Podfile.lock. Run 'pod install' or update your CocoaPods installation.\" >&2\n    exit 1\nfi\n# This output is used by Xcode 'outputs' to avoid re-running this script phase.\necho \"SUCCESS\" > \"${SCRIPT_OUTPUT_FILE_0}\"\n";
			showEnvVarsInLog = 0;
		};
/* End PBXShellScriptBuildPhase section */

/* Begin PBXSourcesBuildPhase section */
		B5720ED82CAE538A001EEDF2 /* Sources */ = {
			isa = PBXSourcesBuildPhase;
			buildActionMask = 2147483647;
			files = (
				B5D0AA9D2CB50E4800EE9932 /* BookView.swift in Sources */,
				B5720EF62CB2789C001EEDF2 /* ScannerView.swift in Sources */,
				BDA6043E2CEB85F0002F77B3 /* BookResponse.swift in Sources */,
				B5720EF42CB277F6001EEDF2 /* CameraView.swift in Sources */,
				B5720EF02CAEB07F001EEDF2 /* StartView.swift in Sources */,
				BDA603C72CE36B06002F77B3 /* Student.swift in Sources */,
				BDA604402CEB86D3002F77B3 /* BookSearchAPIClient.swift in Sources */,
				B5720EF92CB279A6001EEDF2 /* Scanner.swift in Sources */,
				BDA604432CEECF16002F77B3 /* Destination.swift in Sources */,
				B5EB6AC02CBB9F7600EC6196 /* AddBookView.swift in Sources */,
				BDA603CF2CE5DD7C002F77B3 /* BookViewModel.swift in Sources */,
				B5DDA60D2CB7DE80007D1F30 /* FirebaseClient.swift in Sources */,
				BDA603C92CE36C65002F77B3 /* StudentAPIClient.swift in Sources */,
				B5720EE02CAE538A001EEDF2 /* ISCBOOK2024App.swift in Sources */,
				B5EB6AC22CBBB61F00EC6196 /* FelicaReader.swift in Sources */,
				B5720EFB2CB2B935001EEDF2 /* CameraOverlay.swift in Sources */,
				BDA603CB2CE438BE002F77B3 /* BorrowSheet.swift in Sources */,
			);
			runOnlyForDeploymentPostprocessing = 0;
		};
/* End PBXSourcesBuildPhase section */

/* Begin XCBuildConfiguration section */
		B5720EE82CAE538D001EEDF2 /* Debug */ = {
			isa = XCBuildConfiguration;
			buildSettings = {
				ALWAYS_SEARCH_USER_PATHS = NO;
				ASSETCATALOG_COMPILER_GENERATE_SWIFT_ASSET_SYMBOL_EXTENSIONS = YES;
				CLANG_ANALYZER_NONNULL = YES;
				CLANG_ANALYZER_NUMBER_OBJECT_CONVERSION = YES_AGGRESSIVE;
				CLANG_CXX_LANGUAGE_STANDARD = "gnu++20";
				CLANG_ENABLE_MODULES = YES;
				CLANG_ENABLE_OBJC_ARC = YES;
				CLANG_ENABLE_OBJC_WEAK = YES;
				CLANG_WARN_BLOCK_CAPTURE_AUTORELEASING = YES;
				CLANG_WARN_BOOL_CONVERSION = YES;
				CLANG_WARN_COMMA = YES;
				CLANG_WARN_CONSTANT_CONVERSION = YES;
				CLANG_WARN_DEPRECATED_OBJC_IMPLEMENTATIONS = YES;
				CLANG_WARN_DIRECT_OBJC_ISA_USAGE = YES_ERROR;
				CLANG_WARN_DOCUMENTATION_COMMENTS = YES;
				CLANG_WARN_EMPTY_BODY = YES;
				CLANG_WARN_ENUM_CONVERSION = YES;
				CLANG_WARN_INFINITE_RECURSION = YES;
				CLANG_WARN_INT_CONVERSION = YES;
				CLANG_WARN_NON_LITERAL_NULL_CONVERSION = YES;
				CLANG_WARN_OBJC_IMPLICIT_RETAIN_SELF = YES;
				CLANG_WARN_OBJC_LITERAL_CONVERSION = YES;
				CLANG_WARN_OBJC_ROOT_CLASS = YES_ERROR;
				CLANG_WARN_QUOTED_INCLUDE_IN_FRAMEWORK_HEADER = YES;
				CLANG_WARN_RANGE_LOOP_ANALYSIS = YES;
				CLANG_WARN_STRICT_PROTOTYPES = YES;
				CLANG_WARN_SUSPICIOUS_MOVE = YES;
				CLANG_WARN_UNGUARDED_AVAILABILITY = YES_AGGRESSIVE;
				CLANG_WARN_UNREACHABLE_CODE = YES;
				CLANG_WARN__DUPLICATE_METHOD_MATCH = YES;
				COPY_PHASE_STRIP = NO;
				DEBUG_INFORMATION_FORMAT = dwarf;
				ENABLE_STRICT_OBJC_MSGSEND = YES;
				ENABLE_TESTABILITY = YES;
				ENABLE_USER_SCRIPT_SANDBOXING = YES;
				GCC_C_LANGUAGE_STANDARD = gnu17;
				GCC_DYNAMIC_NO_PIC = NO;
				GCC_NO_COMMON_BLOCKS = YES;
				GCC_OPTIMIZATION_LEVEL = 0;
				GCC_PREPROCESSOR_DEFINITIONS = (
					"DEBUG=1",
					"$(inherited)",
				);
				GCC_WARN_64_TO_32_BIT_CONVERSION = YES;
				GCC_WARN_ABOUT_RETURN_TYPE = YES_ERROR;
				GCC_WARN_UNDECLARED_SELECTOR = YES;
				GCC_WARN_UNINITIALIZED_AUTOS = YES_AGGRESSIVE;
				GCC_WARN_UNUSED_FUNCTION = YES;
				GCC_WARN_UNUSED_VARIABLE = YES;
				IPHONEOS_DEPLOYMENT_TARGET = 17.5;
				LOCALIZATION_PREFERS_STRING_CATALOGS = YES;
				MTL_ENABLE_DEBUG_INFO = INCLUDE_SOURCE;
				MTL_FAST_MATH = YES;
				ONLY_ACTIVE_ARCH = YES;
				SDKROOT = iphoneos;
				SWIFT_ACTIVE_COMPILATION_CONDITIONS = "DEBUG $(inherited)";
				SWIFT_OPTIMIZATION_LEVEL = "-Onone";
			};
			name = Debug;
		};
		B5720EE92CAE538D001EEDF2 /* Release */ = {
			isa = XCBuildConfiguration;
			buildSettings = {
				ALWAYS_SEARCH_USER_PATHS = NO;
				ASSETCATALOG_COMPILER_GENERATE_SWIFT_ASSET_SYMBOL_EXTENSIONS = YES;
				CLANG_ANALYZER_NONNULL = YES;
				CLANG_ANALYZER_NUMBER_OBJECT_CONVERSION = YES_AGGRESSIVE;
				CLANG_CXX_LANGUAGE_STANDARD = "gnu++20";
				CLANG_ENABLE_MODULES = YES;
				CLANG_ENABLE_OBJC_ARC = YES;
				CLANG_ENABLE_OBJC_WEAK = YES;
				CLANG_WARN_BLOCK_CAPTURE_AUTORELEASING = YES;
				CLANG_WARN_BOOL_CONVERSION = YES;
				CLANG_WARN_COMMA = YES;
				CLANG_WARN_CONSTANT_CONVERSION = YES;
				CLANG_WARN_DEPRECATED_OBJC_IMPLEMENTATIONS = YES;
				CLANG_WARN_DIRECT_OBJC_ISA_USAGE = YES_ERROR;
				CLANG_WARN_DOCUMENTATION_COMMENTS = YES;
				CLANG_WARN_EMPTY_BODY = YES;
				CLANG_WARN_ENUM_CONVERSION = YES;
				CLANG_WARN_INFINITE_RECURSION = YES;
				CLANG_WARN_INT_CONVERSION = YES;
				CLANG_WARN_NON_LITERAL_NULL_CONVERSION = YES;
				CLANG_WARN_OBJC_IMPLICIT_RETAIN_SELF = YES;
				CLANG_WARN_OBJC_LITERAL_CONVERSION = YES;
				CLANG_WARN_OBJC_ROOT_CLASS = YES_ERROR;
				CLANG_WARN_QUOTED_INCLUDE_IN_FRAMEWORK_HEADER = YES;
				CLANG_WARN_RANGE_LOOP_ANALYSIS = YES;
				CLANG_WARN_STRICT_PROTOTYPES = YES;
				CLANG_WARN_SUSPICIOUS_MOVE = YES;
				CLANG_WARN_UNGUARDED_AVAILABILITY = YES_AGGRESSIVE;
				CLANG_WARN_UNREACHABLE_CODE = YES;
				CLANG_WARN__DUPLICATE_METHOD_MATCH = YES;
				COPY_PHASE_STRIP = NO;
				DEBUG_INFORMATION_FORMAT = "dwarf-with-dsym";
				ENABLE_NS_ASSERTIONS = NO;
				ENABLE_STRICT_OBJC_MSGSEND = YES;
				ENABLE_USER_SCRIPT_SANDBOXING = YES;
				GCC_C_LANGUAGE_STANDARD = gnu17;
				GCC_NO_COMMON_BLOCKS = YES;
				GCC_WARN_64_TO_32_BIT_CONVERSION = YES;
				GCC_WARN_ABOUT_RETURN_TYPE = YES_ERROR;
				GCC_WARN_UNDECLARED_SELECTOR = YES;
				GCC_WARN_UNINITIALIZED_AUTOS = YES_AGGRESSIVE;
				GCC_WARN_UNUSED_FUNCTION = YES;
				GCC_WARN_UNUSED_VARIABLE = YES;
				IPHONEOS_DEPLOYMENT_TARGET = 17.5;
				LOCALIZATION_PREFERS_STRING_CATALOGS = YES;
				MTL_ENABLE_DEBUG_INFO = NO;
				MTL_FAST_MATH = YES;
				SDKROOT = iphoneos;
				SWIFT_COMPILATION_MODE = wholemodule;
				VALIDATE_PRODUCT = YES;
			};
			name = Release;
		};
		B5720EEB2CAE538D001EEDF2 /* Debug */ = {
			isa = XCBuildConfiguration;
			baseConfigurationReference = E17CABF42F60F9878835CA33 /* Pods-ISCBOOK2024.debug.xcconfig */;
			buildSettings = {
				ASSETCATALOG_COMPILER_APPICON_NAME = AppIcon;
				ASSETCATALOG_COMPILER_GLOBAL_ACCENT_COLOR_NAME = AccentColor;
				CODE_SIGN_ENTITLEMENTS = ISCBOOK2024/ISCBOOK2024Debug.entitlements;
				CODE_SIGN_STYLE = Automatic;
				CURRENT_PROJECT_VERSION = 1;
				DEVELOPMENT_ASSET_PATHS = "\"ISCBOOK2024/Preview Content\"";
				DEVELOPMENT_TEAM = F62Z5CJCVQ;
				ENABLE_PREVIEWS = YES;
				ENABLE_USER_SCRIPT_SANDBOXING = NO;
				GENERATE_INFOPLIST_FILE = YES;
				INFOPLIST_FILE = ISCBOOK2024/Info.plist;
				INFOPLIST_KEY_NFCReaderUsageDescription = "このアプリはNFCタグのスキャンを行います。";
				INFOPLIST_KEY_NSCameraUsageDescription = "バーコードをスキャンするためにカメラを使用します。";
				INFOPLIST_KEY_NSHumanReadableCopyright = "";
				INFOPLIST_KEY_UIApplicationSceneManifest_Generation = YES;
				INFOPLIST_KEY_UIApplicationSupportsIndirectInputEvents = YES;
				INFOPLIST_KEY_UILaunchScreen_Generation = YES;
				INFOPLIST_KEY_UISupportedInterfaceOrientations_iPad = "UIInterfaceOrientationPortrait UIInterfaceOrientationPortraitUpsideDown UIInterfaceOrientationLandscapeLeft UIInterfaceOrientationLandscapeRight";
				INFOPLIST_KEY_UISupportedInterfaceOrientations_iPhone = "UIInterfaceOrientationPortrait UIInterfaceOrientationLandscapeLeft UIInterfaceOrientationLandscapeRight";
				LD_RUNPATH_SEARCH_PATHS = (
					"$(inherited)",
					"@executable_path/Frameworks",
				);
				MARKETING_VERSION = 1.0;
				PRODUCT_BUNDLE_IDENTIFIER = com.example.ISCBOOK2024;
				PRODUCT_NAME = "$(TARGET_NAME)";
				SWIFT_EMIT_LOC_STRINGS = YES;
				SWIFT_VERSION = 5.0;
				TARGETED_DEVICE_FAMILY = "1,2";
			};
			name = Debug;
		};
		B5720EEC2CAE538D001EEDF2 /* Release */ = {
			isa = XCBuildConfiguration;
			baseConfigurationReference = B079F6C9D77CC97074AD6681 /* Pods-ISCBOOK2024.release.xcconfig */;
			buildSettings = {
				ASSETCATALOG_COMPILER_APPICON_NAME = AppIcon;
				ASSETCATALOG_COMPILER_GLOBAL_ACCENT_COLOR_NAME = AccentColor;
				CODE_SIGN_ENTITLEMENTS = ISCBOOK2024/ISCBOOK2024.entitlements;
				CODE_SIGN_STYLE = Automatic;
				CURRENT_PROJECT_VERSION = 1;
				DEVELOPMENT_ASSET_PATHS = "\"ISCBOOK2024/Preview Content\"";
				DEVELOPMENT_TEAM = F62Z5CJCVQ;
				ENABLE_PREVIEWS = YES;
				ENABLE_USER_SCRIPT_SANDBOXING = NO;
				GENERATE_INFOPLIST_FILE = YES;
				INFOPLIST_FILE = ISCBOOK2024/Info.plist;
				INFOPLIST_KEY_NFCReaderUsageDescription = "このアプリはNFCタグのスキャンを行います。";
				INFOPLIST_KEY_NSCameraUsageDescription = "バーコードをスキャンするためにカメラを使用します。";
				INFOPLIST_KEY_NSHumanReadableCopyright = "";
				INFOPLIST_KEY_UIApplicationSceneManifest_Generation = YES;
				INFOPLIST_KEY_UIApplicationSupportsIndirectInputEvents = YES;
				INFOPLIST_KEY_UILaunchScreen_Generation = YES;
				INFOPLIST_KEY_UISupportedInterfaceOrientations_iPad = "UIInterfaceOrientationPortrait UIInterfaceOrientationPortraitUpsideDown UIInterfaceOrientationLandscapeLeft UIInterfaceOrientationLandscapeRight";
				INFOPLIST_KEY_UISupportedInterfaceOrientations_iPhone = "UIInterfaceOrientationPortrait UIInterfaceOrientationLandscapeLeft UIInterfaceOrientationLandscapeRight";
				LD_RUNPATH_SEARCH_PATHS = (
					"$(inherited)",
					"@executable_path/Frameworks",
				);
				MARKETING_VERSION = 1.0;
				PRODUCT_BUNDLE_IDENTIFIER = com.example.ISCBOOK2024;
				PRODUCT_NAME = "$(TARGET_NAME)";
				SWIFT_EMIT_LOC_STRINGS = YES;
				SWIFT_VERSION = 5.0;
				TARGETED_DEVICE_FAMILY = "1,2";
			};
			name = Release;
		};
/* End XCBuildConfiguration section */

/* Begin XCConfigurationList section */
		B5720ED72CAE538A001EEDF2 /* Build configuration list for PBXProject "ISCBOOK2024" */ = {
			isa = XCConfigurationList;
			buildConfigurations = (
				B5720EE82CAE538D001EEDF2 /* Debug */,
				B5720EE92CAE538D001EEDF2 /* Release */,
			);
			defaultConfigurationIsVisible = 0;
			defaultConfigurationName = Release;
		};
		B5720EEA2CAE538D001EEDF2 /* Build configuration list for PBXNativeTarget "ISCBOOK2024" */ = {
			isa = XCConfigurationList;
			buildConfigurations = (
				B5720EEB2CAE538D001EEDF2 /* Debug */,
				B5720EEC2CAE538D001EEDF2 /* Release */,
			);
			defaultConfigurationIsVisible = 0;
			defaultConfigurationName = Release;
		};
/* End XCConfigurationList section */
	};
	rootObject = B5720ED42CAE538A001EEDF2 /* Project object */;
}
